
Microsoft Visual Studio Solution File, Format Version 12.00
# Visual Studio Version 17
VisualStudioVersion = 17.5.002.0
MinimumVisualStudioVersion = 10.0.40219.1
Project("{9A19103F-16F7-4668-BE54-9A1E7A4F7556}") = "Task1", "Task1\Task1.csproj", "{C8304082-5022-44D7-BCC8-92C87863B279}"
EndProject
Project("{9A19103F-16F7-4668-BE54-9A1E7A4F7556}") = "Task2", "Task2\Task2.csproj", "{0649C9F9-5764-4F56-A11D-C8260EFDE19E}"
EndProject
Project("{9A19103F-16F7-4668-BE54-9A1E7A4F7556}") = "Task3", "Task3\Task3.csproj", "{8C0038EF-5CC9-4D57-A050-B26AD227CD2D}"
EndProject
Global
	GlobalSection(SolutionConfigurationPlatforms) = preSolution
		Debug|Any CPU = Debug|Any CPU
		Release|Any CPU = Release|Any CPU
	EndGlobalSection
	GlobalSection(ProjectConfigurationPlatforms) = postSolution
		{C8304082-5022-44D7-BCC8-92C87863B279}.Debug|Any CPU.ActiveCfg = Debug|Any CPU
		{C8304082-5022-44D7-BCC8-92C87863B279}.Debug|Any CPU.Build.0 = Debug|Any CPU
		{C8304082-5022-44D7-BCC8-92C87863B279}.Release|Any CPU.ActiveCfg = Release|Any CPU
		{C8304082-5022-44D7-BCC8-92C87863B279}.Release|Any CPU.Build.0 = Release|Any CPU
		{0649C9F9-5764-4F56-A11D-C8260EFDE19E}.Debug|Any CPU.ActiveCfg = Debug|Any CPU
		{0649C9F9-5764-4F56-A11D-C8260EFDE19E}.Debug|Any CPU.Build.0 = Debug|Any CPU
		{0649C9F9-5764-4F56-A11D-C8260EFDE19E}.Release|Any CPU.ActiveCfg = Release|Any CPU
		{0649C9F9-5764-4F56-A11D-C8260EFDE19E}.Release|Any CPU.Build.0 = Release|Any CPU
		{8C0038EF-5CC9-4D57-A050-B26AD227CD2D}.Debug|Any CPU.ActiveCfg = Debug|Any CPU
		{8C0038EF-5CC9-4D57-A050-B26AD227CD2D}.Debug|Any CPU.Build.0 = Debug|Any CPU
		{8C0038EF-5CC9-4D57-A050-B26AD227CD2D}.Release|Any CPU.ActiveCfg = Release|Any CPU
		{8C0038EF-5CC9-4D57-A050-B26AD227CD2D}.Release|Any CPU.Build.0 = Release|Any CPU
	EndGlobalSection
	GlobalSection(SolutionProperties) = preSolution
		HideSolutionNode = FALSE
	EndGlobalSection
	GlobalSection(ExtensibilityGlobals) = postSolution
		SolutionGuid = {A409BA9F-CD5F-4827-B84B-64CACBD0C842}
	EndGlobalSection
EndGlobal
